github.com/alecthomas/chroma/v2 v2.27.0 h1:FodwmyOBgJULFYmDqibcp9pvfDLWdtPRh9v/r5BXYZs=
github.com/alecthomas/chroma/v2 v2.27.0/go.mod h1:NjJ3ciIgrqBNeIkWZ4e46nseoLDslxU1LmfCoL+wcY8=
github.com/dlclark/regexp2/v2 v2.2.1 h1:mf4KkFUj0gJuarK8P+LgiS+Lit7m9N1yAwEfPbee7R0=
github.com/dlclark/regexp2/v2 v2.2.1/go.mod h1:avUrQvPaLz2DrFNHJF0taWAFFX2C1GMSSoeiqFjcBmU=
github.com/dlclark/regexp2/v2 v2.8.0 h1:CekDhPLGfm+GAJmPVFIG+5dqMIQPkyHJll7BbdneDfw=
github.com/dlclark/regexp2/v2 v2.8.0/go.mod h1:avUrQvPaLz2DrFNHJF0taWAFFX2C1GMSSoeiqFjcBmU=
github.com/yuin/goldmark/v2 v2.1.0 h1:uXU6VbhKNw9xrD3R/Gg+NtuH7GWkLMLFaKsNvOyV4kE=
github.com/yuin/goldmark/v2 v2.1.0/go.mod h1:G6M4/qOFtfn01/o14BU1UR2Lo5N3S9Qo7xCuz/sHjGQ=
github.com/yuin/goldmark/v2 v2.1.5 h1:ij6SZY7VRLXVPRDHEK71Beo3gHaN1gAPdOL+CKgsCdc=
github.com/yuin/goldmark/v2 v2.1.5/go.mod h1:G6M4/qOFtfn01/o14BU1UR2Lo5N3S9Qo7xCuz/sHjGQ=
